
Microsoft Visual Studio Solution File, Format Version 12.00
# Visual Studio Version 17
VisualStudioVersion = 17.4.33122.133
MinimumVisualStudioVersion = 10.0.40219.1
Project("{FAE04EC0-301F-11D3-BF4B-00C04F79EFBC}") = "EvenOrOdd", "EvenOrOdd.csproj", "{569714E6-134A-43EC-B952-926E4D56DFF9}"
EndProject
Global
	GlobalSection(SolutionConfigurationPlatforms) = preSolution
		Debug|Any CPU = Debug|Any CPU
		Release|Any CPU = Release|Any CPU
	EndGlobalSection
	GlobalSection(ProjectConfigurationPlatforms) = postSolution
		{569714E6-134A-43EC-B952-926E4D56DFF9}.Debug|Any CPU.ActiveCfg = Debug|Any CPU
		{569714E6-134A-43EC-B952-926E4D56DFF9}.Debug|Any CPU.Build.0 = Debug|Any CPU
		{569714E6-134A-43EC-B952-926E4D56DFF9}.Release|Any CPU.ActiveCfg = Release|Any CPU
		{569714E6-134A-43EC-B952-926E4D56DFF9}.Release|Any CPU.Build.0 = Release|Any CPU
	EndGlobalSection
	GlobalSection(SolutionProperties) = preSolution
		HideSolutionNode = FALSE
	EndGlobalSection
	GlobalSection(ExtensibilityGlobals) = postSolution
		SolutionGuid = {C62E1AD7-9B27-47EA-A91A-C00BA1F5D922}
	EndGlobalSection
EndGlobal
